// !$*UTF8*$!
{
	archiveVersion = 1;
	classes = {
	};
	objectVersion = 56;
	objects = {

/* Begin PBXBuildFile section */
		2218B45C2B2EEE150043F726 /* HoldOnApp.swift in Sources */ = {isa = PBXBuildFile; fileRef = 2218B45B2B2EEE150043F726 /* HoldOnApp.swift */; };
		2218B45E2B2EEE150043F726 /* MainView.swift in Sources */ = {isa = PBXBuildFile; fileRef = 2218B45D2B2EEE150043F726 /* MainView.swift */; };
		2218B4602B2EEE160043F726 /* Assets.xcassets in Resources */ = {isa = PBXBuildFile; fileRef = 2218B45F2B2EEE160043F726 /* Assets.xcassets */; };
		2218B4642B2EEE160043F726 /* Preview Assets.xcassets in Resources */ = {isa = PBXBuildFile; fileRef = 2218B4632B2EEE160043F726 /* Preview Assets.xcassets */; };
		2218B46C2B2EEFEC0043F726 /* Alamofire in Frameworks */ = {isa = PBXBuildFile; productRef = 2218B46B2B2EEFEC0043F726 /* Alamofire */; };
		2218B4712B2EF39C0043F726 /* NetworkManager.swift in Sources */ = {isa = PBXBuildFile; fileRef = 2218B4702B2EF39C0043F726 /* NetworkManager.swift */; };
		2218B4752B2EF5730043F726 /* CoinsListModels.swift in Sources */ = {isa = PBXBuildFile; fileRef = 2218B4742B2EF5730043F726 /* CoinsListModels.swift */; };
		2218B4792B2EF8EE0043F726 /* DecodeHelper.swift in Sources */ = {isa = PBXBuildFile; fileRef = 2218B4782B2EF8EE0043F726 /* DecodeHelper.swift */; };
		2218B47B2B2EFBF90043F726 /* ErrorHelper.swift in Sources */ = {isa = PBXBuildFile; fileRef = 2218B47A2B2EFBF90043F726 /* ErrorHelper.swift */; };
		2260EE022B3C3B09001B5A26 /* CoinsListViewModel.swift in Sources */ = {isa = PBXBuildFile; fileRef = 2260EE012B3C3B09001B5A26 /* CoinsListViewModel.swift */; };
		2260EE062B3C587B001B5A26 /* MainViewModel.swift in Sources */ = {isa = PBXBuildFile; fileRef = 2260EE052B3C587B001B5A26 /* MainViewModel.swift */; };
		227FF3C22B304A1B00B0C9CE /* CoinsListView.swift in Sources */ = {isa = PBXBuildFile; fileRef = 227FF3C12B304A1B00B0C9CE /* CoinsListView.swift */; };
		227FF3C42B3051D000B0C9CE /* HeaderView.swift in Sources */ = {isa = PBXBuildFile; fileRef = 227FF3C32B3051D000B0C9CE /* HeaderView.swift */; };
		227FF3C62B305AEB00B0C9CE /* BalanceInfoView.swift in Sources */ = {isa = PBXBuildFile; fileRef = 227FF3C52B305AEB00B0C9CE /* BalanceInfoView.swift */; };
		227FF3C82B30661D00B0C9CE /* BalanceDiagramView.swift in Sources */ = {isa = PBXBuildFile; fileRef = 227FF3C72B30661D00B0C9CE /* BalanceDiagramView.swift */; };
		227FF3CA2B30697700B0C9CE /* CoinInfoView.swift in Sources */ = {isa = PBXBuildFile; fileRef = 227FF3C92B30697700B0C9CE /* CoinInfoView.swift */; };
		227FF3CE2B306D6C00B0C9CE /* AllCoinsInfoView.swift in Sources */ = {isa = PBXBuildFile; fileRef = 227FF3CD2B306D6C00B0C9CE /* AllCoinsInfoView.swift */; };
		22B7DF742B308C0A00AEA0B5 /* UserCoinsListModel.swift in Sources */ = {isa = PBXBuildFile; fileRef = 22B7DF732B308C0A00AEA0B5 /* UserCoinsListModel.swift */; };
		22E89ABC2B3D88A3005FDF93 /* CoinsListSaveManager.swift in Sources */ = {isa = PBXBuildFile; fileRef = 22E89ABB2B3D88A3005FDF93 /* CoinsListSaveManager.swift */; };
		22E89ABE2B3D9115005FDF93 /* LoadingView.swift in Sources */ = {isa = PBXBuildFile; fileRef = 22E89ABD2B3D9115005FDF93 /* LoadingView.swift */; };
		22E89AC32B3D9EE1005FDF93 /* SwipeButtonView.swift in Sources */ = {isa = PBXBuildFile; fileRef = 22E89AC22B3D9EE1005FDF93 /* SwipeButtonView.swift */; };
/* End PBXBuildFile section */

/* Begin PBXFileReference section */
		2218B4582B2EEE150043F726 /* HoldOn.app */ = {isa = PBXFileReference; explicitFileType = wrapper.application; includeInIndex = 0; path = HoldOn.app; sourceTree = BUILT_PRODUCTS_DIR; };
		2218B45B2B2EEE150043F726 /* HoldOnApp.swift */ = {isa = PBXFileReference; lastKnownFileType = sourcecode.swift; path = HoldOnApp.swift; sourceTree = "<group>"; };
		2218B45D2B2EEE150043F726 /* MainView.swift */ = {isa = PBXFileReference; lastKnownFileType = sourcecode.swift; path = MainView.swift; sourceTree = "<group>"; };
		2218B45F2B2EEE160043F726 /* Assets.xcassets */ = {isa = PBXFileReference; lastKnownFileType = folder.assetcatalog; path = Assets.xcassets; sourceTree = "<group>"; };
		2218B4612B2EEE160043F726 /* HoldOn.entitlements */ = {isa = PBXFileReference; lastKnownFileType = text.plist.entitlements; path = HoldOn.entitlements; sourceTree = "<group>"; };
		2218B4632B2EEE160043F726 /* Preview Assets.xcassets */ = {isa = PBXFileReference; lastKnownFileType = folder.assetcatalog; path = "Preview Assets.xcassets"; sourceTree = "<group>"; };
		2218B4702B2EF39C0043F726 /* NetworkManager.swift */ = {isa = PBXFileReference; lastKnownFileType = sourcecode.swift; path = NetworkManager.swift; sourceTree = "<group>"; };
		2218B4742B2EF5730043F726 /* CoinsListModels.swift */ = {isa = PBXFileReference; lastKnownFileType = sourcecode.swift; path = CoinsListModels.swift; sourceTree = "<group>"; };
		2218B4782B2EF8EE0043F726 /* DecodeHelper.swift */ = {isa = PBXFileReference; lastKnownFileType = sourcecode.swift; path = DecodeHelper.swift; sourceTree = "<group>"; };
		2218B47A2B2EFBF90043F726 /* ErrorHelper.swift */ = {isa = PBXFileReference; lastKnownFileType = sourcecode.swift; path = ErrorHelper.swift; sourceTree = "<group>"; };
		2260EE012B3C3B09001B5A26 /* CoinsListViewModel.swift */ = {isa = PBXFileReference; lastKnownFileType = sourcecode.swift; path = CoinsListViewModel.swift; sourceTree = "<group>"; };
		2260EE052B3C587B001B5A26 /* MainViewModel.swift */ = {isa = PBXFileReference; lastKnownFileType = sourcecode.swift; path = MainViewModel.swift; sourceTree = "<group>"; };
		227FF3C12B304A1B00B0C9CE /* CoinsListView.swift */ = {isa = PBXFileReference; lastKnownFileType = sourcecode.swift; path = CoinsListView.swift; sourceTree = "<group>"; };
		227FF3C32B3051D000B0C9CE /* HeaderView.swift */ = {isa = PBXFileReference; lastKnownFileType = sourcecode.swift; path = HeaderView.swift; sourceTree = "<group>"; };
		227FF3C52B305AEB00B0C9CE /* BalanceInfoView.swift */ = {isa = PBXFileReference; lastKnownFileType = sourcecode.swift; path = BalanceInfoView.swift; sourceTree = "<group>"; };
		227FF3C72B30661D00B0C9CE /* BalanceDiagramView.swift */ = {isa = PBXFileReference; lastKnownFileType = sourcecode.swift; path = BalanceDiagramView.swift; sourceTree = "<group>"; };
		227FF3C92B30697700B0C9CE /* CoinInfoView.swift */ = {isa = PBXFileReference; lastKnownFileType = sourcecode.swift; path = CoinInfoView.swift; sourceTree = "<group>"; };
		227FF3CD2B306D6C00B0C9CE /* AllCoinsInfoView.swift */ = {isa = PBXFileReference; lastKnownFileType = sourcecode.swift; path = AllCoinsInfoView.swift; sourceTree = "<group>"; };
		22B7DF732B308C0A00AEA0B5 /* UserCoinsListModel.swift */ = {isa = PBXFileReference; lastKnownFileType = sourcecode.swift; path = UserCoinsListModel.swift; sourceTree = "<group>"; };
		22E89ABB2B3D88A3005FDF93 /* CoinsListSaveManager.swift */ = {isa = PBXFileReference; lastKnownFileType = sourcecode.swift; path = CoinsListSaveManager.swift; sourceTree = "<group>"; };
		22E89ABD2B3D9115005FDF93 /* LoadingView.swift */ = {isa = PBXFileReference; lastKnownFileType = sourcecode.swift; path = LoadingView.swift; sourceTree = "<group>"; };
		22E89AC22B3D9EE1005FDF93 /* SwipeButtonView.swift */ = {isa = PBXFileReference; lastKnownFileType = sourcecode.swift; path = SwipeButtonView.swift; sourceTree = "<group>"; };
/* End PBXFileReference section */

/* Begin PBXFrameworksBuildPhase section */
		2218B4552B2EEE150043F726 /* Frameworks */ = {
			isa = PBXFrameworksBuildPhase;
			buildActionMask = 2147483647;
			files = (
				2218B46C2B2EEFEC0043F726 /* Alamofire in Frameworks */,
			);
			runOnlyForDeploymentPostprocessing = 0;
		};
/* End PBXFrameworksBuildPhase section */

/* Begin PBXGroup section */
		2218B44F2B2EEE150043F726 = {
			isa = PBXGroup;
			children = (
				2218B45A2B2EEE150043F726 /* HoldOn */,
				2218B4592B2EEE150043F726 /* Products */,
			);
			sourceTree = "<group>";
		};
		2218B4592B2EEE150043F726 /* Products */ = {
			isa = PBXGroup;
			children = (
				2218B4582B2EEE150043F726 /* HoldOn.app */,
			);
			name = Products;
			sourceTree = "<group>";
		};
		2218B45A2B2EEE150043F726 /* HoldOn */ = {
			isa = PBXGroup;
			children = (
				2260EE002B3C3AEA001B5A26 /* ViewModel */,
				227FF3C02B3049ED00B0C9CE /* View */,
				2218B4732B2EF55D0043F726 /* Models */,
				2218B4722B2EF3C10043F726 /* Service */,
				2218B46D2B2EF30F0043F726 /* Other */,
				2218B45F2B2EEE160043F726 /* Assets.xcassets */,
				2218B4612B2EEE160043F726 /* HoldOn.entitlements */,
				2218B4622B2EEE160043F726 /* Preview Content */,
			);
			path = HoldOn;
			sourceTree = "<group>";
		};
		2218B4622B2EEE160043F726 /* Preview Content */ = {
			isa = PBXGroup;
			children = (
				2218B4632B2EEE160043F726 /* Preview Assets.xcassets */,
			);
			path = "Preview Content";
			sourceTree = "<group>";
		};
		2218B46D2B2EF30F0043F726 /* Other */ = {
			isa = PBXGroup;
			children = (
				2218B45B2B2EEE150043F726 /* HoldOnApp.swift */,
			);
			path = Other;
			sourceTree = "<group>";
		};
		2218B4722B2EF3C10043F726 /* Service */ = {
			isa = PBXGroup;
			children = (
				2218B47C2B2EFD1D0043F726 /* Helpers */,
				2218B4702B2EF39C0043F726 /* NetworkManager.swift */,
				22E89ABB2B3D88A3005FDF93 /* CoinsListSaveManager.swift */,
			);
			path = Service;
			sourceTree = "<group>";
		};
		2218B4732B2EF55D0043F726 /* Models */ = {
			isa = PBXGroup;
			children = (
				2218B4742B2EF5730043F726 /* CoinsListModels.swift */,
				22B7DF732B308C0A00AEA0B5 /* UserCoinsListModel.swift */,
			);
			path = Models;
			sourceTree = "<group>";
		};
		2218B47C2B2EFD1D0043F726 /* Helpers */ = {
			isa = PBXGroup;
			children = (
				2218B4782B2EF8EE0043F726 /* DecodeHelper.swift */,
				2218B47A2B2EFBF90043F726 /* ErrorHelper.swift */,
			);
			path = Helpers;
			sourceTree = "<group>";
		};
		2260EE002B3C3AEA001B5A26 /* ViewModel */ = {
			isa = PBXGroup;
			children = (
				2260EE012B3C3B09001B5A26 /* CoinsListViewModel.swift */,
				2260EE052B3C587B001B5A26 /* MainViewModel.swift */,
			);
			path = ViewModel;
			sourceTree = "<group>";
		};
		227FF3C02B3049ED00B0C9CE /* View */ = {
			isa = PBXGroup;
			children = (
				22E89ABF2B3D9EA3005FDF93 /* OtherView */,
				2218B45D2B2EEE150043F726 /* MainView.swift */,
				227FF3C12B304A1B00B0C9CE /* CoinsListView.swift */,
				227FF3C32B3051D000B0C9CE /* HeaderView.swift */,
				227FF3C52B305AEB00B0C9CE /* BalanceInfoView.swift */,
				227FF3C72B30661D00B0C9CE /* BalanceDiagramView.swift */,
				227FF3C92B30697700B0C9CE /* CoinInfoView.swift */,
				227FF3CD2B306D6C00B0C9CE /* AllCoinsInfoView.swift */,
			);
			path = View;
			sourceTree = "<group>";
		};
		22E89ABF2B3D9EA3005FDF93 /* OtherView */ = {
			isa = PBXGroup;
			children = (
				22E89ABD2B3D9115005FDF93 /* LoadingView.swift */,
				22E89AC22B3D9EE1005FDF93 /* SwipeButtonView.swift */,
			);
			path = OtherView;
			sourceTree = "<group>";
		};
/* End PBXGroup section */

/* Begin PBXNativeTarget section */
		2218B4572B2EEE150043F726 /* HoldOn */ = {
			isa = PBXNativeTarget;
			buildConfigurationList = 2218B4672B2EEE160043F726 /* Build configuration list for PBXNativeTarget "HoldOn" */;
			buildPhases = (
				2218B4542B2EEE150043F726 /* Sources */,
				2218B4552B2EEE150043F726 /* Frameworks */,
				2218B4562B2EEE150043F726 /* Resources */,
			);
			buildRules = (
			);
			dependencies = (
			);
			name = HoldOn;
			packageProductDependencies = (
				2218B46B2B2EEFEC0043F726 /* Alamofire */,
			);
			productName = HoldOn;
			productReference = 2218B4582B2EEE150043F726 /* HoldOn.app */;
			productType = "com.apple.product-type.application";
		};
/* End PBXNativeTarget section */

/* Begin PBXProject section */
		2218B4502B2EEE150043F726 /* Project object */ = {
			isa = PBXProject;
			attributes = {
				BuildIndependentTargetsInParallel = 1;
				LastSwiftUpdateCheck = 1510;
				LastUpgradeCheck = 1510;
				TargetAttributes = {
					2218B4572B2EEE150043F726 = {
						CreatedOnToolsVersion = 15.1;
					};
				};
			};
			buildConfigurationList = 2218B4532B2EEE150043F726 /* Build configuration list for PBXProject "HoldOn" */;
			compatibilityVersion = "Xcode 14.0";
			developmentRegion = en;
			hasScannedForEncodings = 0;
			knownRegions = (
				en,
				Base,
			);
			mainGroup = 2218B44F2B2EEE150043F726;
			packageReferences = (
				2218B46A2B2EEFEC0043F726 /* XCRemoteSwiftPackageReference "Alamofire" */,
			);
			productRefGroup = 2218B4592B2EEE150043F726 /* Products */;
			projectDirPath = "";
			projectRoot = "";
			targets = (
				2218B4572B2EEE150043F726 /* HoldOn */,
			);
		};
/* End PBXProject section */

/* Begin PBXResourcesBuildPhase section */
		2218B4562B2EEE150043F726 /* Resources */ = {
			isa = PBXResourcesBuildPhase;
			buildActionMask = 2147483647;
			files = (
				2218B4642B2EEE160043F726 /* Preview Assets.xcassets in Resources */,
				2218B4602B2EEE160043F726 /* Assets.xcassets in Resources */,
			);
			runOnlyForDeploymentPostprocessing = 0;
		};
/* End PBXResourcesBuildPhase section */

/* Begin PBXSourcesBuildPhase section */
		2218B4542B2EEE150043F726 /* Sources */ = {
			isa = PBXSourcesBuildPhase;
			buildActionMask = 2147483647;
			files = (
				2218B4752B2EF5730043F726 /* CoinsListModels.swift in Sources */,
				2260EE022B3C3B09001B5A26 /* CoinsListViewModel.swift in Sources */,
				2218B4792B2EF8EE0043F726 /* DecodeHelper.swift in Sources */,
				2218B4712B2EF39C0043F726 /* NetworkManager.swift in Sources */,
				22E89ABE2B3D9115005FDF93 /* LoadingView.swift in Sources */,
				22E89AC32B3D9EE1005FDF93 /* SwipeButtonView.swift in Sources */,
				227FF3C22B304A1B00B0C9CE /* CoinsListView.swift in Sources */,
				2260EE062B3C587B001B5A26 /* MainViewModel.swift in Sources */,
				2218B45E2B2EEE150043F726 /* MainView.swift in Sources */,
				22E89ABC2B3D88A3005FDF93 /* CoinsListSaveManager.swift in Sources */,
				227FF3CE2B306D6C00B0C9CE /* AllCoinsInfoView.swift in Sources */,
				227FF3C62B305AEB00B0C9CE /* BalanceInfoView.swift in Sources */,
				2218B47B2B2EFBF90043F726 /* ErrorHelper.swift in Sources */,
				22B7DF742B308C0A00AEA0B5 /* UserCoinsListModel.swift in Sources */,
				2218B45C2B2EEE150043F726 /* HoldOnApp.swift in Sources */,
				227FF3CA2B30697700B0C9CE /* CoinInfoView.swift in Sources */,
				227FF3C42B3051D000B0C9CE /* HeaderView.swift in Sources */,
				227FF3C82B30661D00B0C9CE /* BalanceDiagramView.swift in Sources */,
			);
			runOnlyForDeploymentPostprocessing = 0;
		};
/* End PBXSourcesBuildPhase section */

/* Begin XCBuildConfiguration section */
		2218B4652B2EEE160043F726 /* Debug */ = {
			isa = XCBuildConfiguration;
			buildSettings = {
				ALWAYS_SEARCH_USER_PATHS = NO;
				ASSETCATALOG_COMPILER_GENERATE_SWIFT_ASSET_SYMBOL_EXTENSIONS = YES;
				CLANG_ANALYZER_NONNULL = YES;
				CLANG_ANALYZER_NUMBER_OBJECT_CONVERSION = YES_AGGRESSIVE;
				CLANG_CXX_LANGUAGE_STANDARD = "gnu++20";
				CLANG_ENABLE_MODULES = YES;
				CLANG_ENABLE_OBJC_ARC = YES;
				CLANG_ENABLE_OBJC_WEAK = YES;
				CLANG_WARN_BLOCK_CAPTURE_AUTORELEASING = YES;
				CLANG_WARN_BOOL_CONVERSION = YES;
				CLANG_WARN_COMMA = YES;
				CLANG_WARN_CONSTANT_CONVERSION = YES;
				CLANG_WARN_DEPRECATED_OBJC_IMPLEMENTATIONS = YES;
				CLANG_WARN_DIRECT_OBJC_ISA_USAGE = YES_ERROR;
				CLANG_WARN_DOCUMENTATION_COMMENTS = YES;
				CLANG_WARN_EMPTY_BODY = YES;
				CLANG_WARN_ENUM_CONVERSION = YES;
				CLANG_WARN_INFINITE_RECURSION = YES;
				CLANG_WARN_INT_CONVERSION = YES;
				CLANG_WARN_NON_LITERAL_NULL_CONVERSION = YES;
				CLANG_WARN_OBJC_IMPLICIT_RETAIN_SELF = YES;
				CLANG_WARN_OBJC_LITERAL_CONVERSION = YES;
				CLANG_WARN_OBJC_ROOT_CLASS = YES_ERROR;
				CLANG_WARN_QUOTED_INCLUDE_IN_FRAMEWORK_HEADER = YES;
				CLANG_WARN_RANGE_LOOP_ANALYSIS = YES;
				CLANG_WARN_STRICT_PROTOTYPES = YES;
				CLANG_WARN_SUSPICIOUS_MOVE = YES;
				CLANG_WARN_UNGUARDED_AVAILABILITY = YES_AGGRESSIVE;
				CLANG_WARN_UNREACHABLE_CODE = YES;
				CLANG_WARN__DUPLICATE_METHOD_MATCH = YES;
				COPY_PHASE_STRIP = NO;
				DEBUG_INFORMATION_FORMAT = dwarf;
				ENABLE_STRICT_OBJC_MSGSEND = YES;
				ENABLE_TESTABILITY = YES;
				ENABLE_USER_SCRIPT_SANDBOXING = YES;
				GCC_C_LANGUAGE_STANDARD = gnu17;
				GCC_DYNAMIC_NO_PIC = NO;
				GCC_NO_COMMON_BLOCKS = YES;
				GCC_OPTIMIZATION_LEVEL = 0;
				GCC_PREPROCESSOR_DEFINITIONS = (
					"DEBUG=1",
					"$(inherited)",
				);
				GCC_WARN_64_TO_32_BIT_CONVERSION = YES;
				GCC_WARN_ABOUT_RETURN_TYPE = YES_ERROR;
				GCC_WARN_UNDECLARED_SELECTOR = YES;
				GCC_WARN_UNINITIALIZED_AUTOS = YES_AGGRESSIVE;
				GCC_WARN_UNUSED_FUNCTION = YES;
				GCC_WARN_UNUSED_VARIABLE = YES;
				LOCALIZATION_PREFERS_STRING_CATALOGS = YES;
				MTL_ENABLE_DEBUG_INFO = INCLUDE_SOURCE;
				MTL_FAST_MATH = YES;
				ONLY_ACTIVE_ARCH = YES;
				SWIFT_ACTIVE_COMPILATION_CONDITIONS = "DEBUG $(inherited)";
				SWIFT_OPTIMIZATION_LEVEL = "-Onone";
			};
			name = Debug;
		};
		2218B4662B2EEE160043F726 /* Release */ = {
			isa = XCBuildConfiguration;
			buildSettings = {
				ALWAYS_SEARCH_USER_PATHS = NO;
				ASSETCATALOG_COMPILER_GENERATE_SWIFT_ASSET_SYMBOL_EXTENSIONS = YES;
				CLANG_ANALYZER_NONNULL = YES;
				CLANG_ANALYZER_NUMBER_OBJECT_CONVERSION = YES_AGGRESSIVE;
				CLANG_CXX_LANGUAGE_STANDARD = "gnu++20";
				CLANG_ENABLE_MODULES = YES;
				CLANG_ENABLE_OBJC_ARC = YES;
				CLANG_ENABLE_OBJC_WEAK = YES;
				CLANG_WARN_BLOCK_CAPTURE_AUTORELEASING = YES;
				CLANG_WARN_BOOL_CONVERSION = YES;
				CLANG_WARN_COMMA = YES;
				CLANG_WARN_CONSTANT_CONVERSION = YES;
				CLANG_WARN_DEPRECATED_OBJC_IMPLEMENTATIONS = YES;
				CLANG_WARN_DIRECT_OBJC_ISA_USAGE = YES_ERROR;
				CLANG_WARN_DOCUMENTATION_COMMENTS = YES;
				CLANG_WARN_EMPTY_BODY = YES;
				CLANG_WARN_ENUM_CONVERSION = YES;
				CLANG_WARN_INFINITE_RECURSION = YES;
				CLANG_WARN_INT_CONVERSION = YES;
				CLANG_WARN_NON_LITERAL_NULL_CONVERSION = YES;
				CLANG_WARN_OBJC_IMPLICIT_RETAIN_SELF = YES;
				CLANG_WARN_OBJC_LITERAL_CONVERSION = YES;
				CLANG_WARN_OBJC_ROOT_CLASS = YES_ERROR;
				CLANG_WARN_QUOTED_INCLUDE_IN_FRAMEWORK_HEADER = YES;
				CLANG_WARN_RANGE_LOOP_ANALYSIS = YES;
				CLANG_WARN_STRICT_PROTOTYPES = YES;
				CLANG_WARN_SUSPICIOUS_MOVE = YES;
				CLANG_WARN_UNGUARDED_AVAILABILITY = YES_AGGRESSIVE;
				CLANG_WARN_UNREACHABLE_CODE = YES;
				CLANG_WARN__DUPLICATE_METHOD_MATCH = YES;
				COPY_PHASE_STRIP = NO;
				DEBUG_INFORMATION_FORMAT = "dwarf-with-dsym";
				ENABLE_NS_ASSERTIONS = NO;
				ENABLE_STRICT_OBJC_MSGSEND = YES;
				ENABLE_USER_SCRIPT_SANDBOXING = YES;
				GCC_C_LANGUAGE_STANDARD = gnu17;
				GCC_NO_COMMON_BLOCKS = YES;
				GCC_WARN_64_TO_32_BIT_CONVERSION = YES;
				GCC_WARN_ABOUT_RETURN_TYPE = YES_ERROR;
				GCC_WARN_UNDECLARED_SELECTOR = YES;
				GCC_WARN_UNINITIALIZED_AUTOS = YES_AGGRESSIVE;
				GCC_WARN_UNUSED_FUNCTION = YES;
				GCC_WARN_UNUSED_VARIABLE = YES;
				LOCALIZATION_PREFERS_STRING_CATALOGS = YES;
				MTL_ENABLE_DEBUG_INFO = NO;
				MTL_FAST_MATH = YES;
				SWIFT_COMPILATION_MODE = wholemodule;
			};
			name = Release;
		};
		2218B4682B2EEE160043F726 /* Debug */ = {
			isa = XCBuildConfiguration;
			buildSettings = {
				ASSETCATALOG_COMPILER_APPICON_NAME = AppIcon;
				ASSETCATALOG_COMPILER_GLOBAL_ACCENT_COLOR_NAME = AccentColor;
				CODE_SIGN_ENTITLEMENTS = HoldOn/HoldOn.entitlements;
				CODE_SIGN_STYLE = Automatic;
				CURRENT_PROJECT_VERSION = 1;
				DEVELOPMENT_ASSET_PATHS = "\"HoldOn/Preview Content\"";
				DEVELOPMENT_TEAM = QJJFV9YPU3;
				ENABLE_HARDENED_RUNTIME = YES;
				ENABLE_PREVIEWS = YES;
				GENERATE_INFOPLIST_FILE = YES;
				INFOPLIST_KEY_CFBundleDisplayName = "HoldOn - Crypto";
				"INFOPLIST_KEY_UIApplicationSceneManifest_Generation[sdk=iphoneos*]" = YES;
				"INFOPLIST_KEY_UIApplicationSceneManifest_Generation[sdk=iphonesimulator*]" = YES;
				"INFOPLIST_KEY_UIApplicationSupportsIndirectInputEvents[sdk=iphoneos*]" = YES;
				"INFOPLIST_KEY_UIApplicationSupportsIndirectInputEvents[sdk=iphonesimulator*]" = YES;
				"INFOPLIST_KEY_UILaunchScreen_Generation[sdk=iphoneos*]" = YES;
				"INFOPLIST_KEY_UILaunchScreen_Generation[sdk=iphonesimulator*]" = YES;
				"INFOPLIST_KEY_UIStatusBarStyle[sdk=iphoneos*]" = UIStatusBarStyleDefault;
				"INFOPLIST_KEY_UIStatusBarStyle[sdk=iphonesimulator*]" = UIStatusBarStyleDefault;
				INFOPLIST_KEY_UISupportedInterfaceOrientations = "UIInterfaceOrientationLandscapeLeft UIInterfaceOrientationLandscapeRight UIInterfaceOrientationPortrait";
				INFOPLIST_KEY_UISupportedInterfaceOrientations_iPad = "UIInterfaceOrientationLandscapeLeft UIInterfaceOrientationLandscapeRight UIInterfaceOrientationPortrait UIInterfaceOrientationPortraitUpsideDown";
				IPHONEOS_DEPLOYMENT_TARGET = 17.0;
				LD_RUNPATH_SEARCH_PATHS = "@executable_path/Frameworks";
				"LD_RUNPATH_SEARCH_PATHS[sdk=macosx*]" = "@executable_path/../Frameworks";
				MACOSX_DEPLOYMENT_TARGET = 14.0;
				MARKETING_VERSION = 1.4.0;
				PRODUCT_BUNDLE_IDENTIFIER = tim.HoldOn;
				PRODUCT_NAME = "$(TARGET_NAME)";
				SDKROOT = auto;
				SUPPORTED_PLATFORMS = "iphoneos iphonesimulator macosx";
				SWIFT_EMIT_LOC_STRINGS = YES;
				SWIFT_VERSION = 5.0;
				TARGETED_DEVICE_FAMILY = "1,2";
			};
			name = Debug;
		};
		2218B4692B2EEE160043F726 /* Release */ = {
			isa = XCBuildConfiguration;
			buildSettings = {
				ASSETCATALOG_COMPILER_APPICON_NAME = AppIcon;
				ASSETCATALOG_COMPILER_GLOBAL_ACCENT_COLOR_NAME = AccentColor;
				CODE_SIGN_ENTITLEMENTS = HoldOn/HoldOn.entitlements;
				CODE_SIGN_STYLE = Automatic;
				CURRENT_PROJECT_VERSION = 1;
				DEVELOPMENT_ASSET_PATHS = "\"HoldOn/Preview Content\"";
				DEVELOPMENT_TEAM = QJJFV9YPU3;
				ENABLE_HARDENED_RUNTIME = YES;
				ENABLE_PREVIEWS = YES;
				GENERATE_INFOPLIST_FILE = YES;
				INFOPLIST_KEY_CFBundleDisplayName = "HoldOn - Crypto";
				"INFOPLIST_KEY_UIApplicationSceneManifest_Generation[sdk=iphoneos*]" = YES;
				"INFOPLIST_KEY_UIApplicationSceneManifest_Generation[sdk=iphonesimulator*]" = YES;
				"INFOPLIST_KEY_UIApplicationSupportsIndirectInputEvents[sdk=iphoneos*]" = YES;
				"INFOPLIST_KEY_UIApplicationSupportsIndirectInputEvents[sdk=iphonesimulator*]" = YES;
				"INFOPLIST_KEY_UILaunchScreen_Generation[sdk=iphoneos*]" = YES;
				"INFOPLIST_KEY_UILaunchScreen_Generation[sdk=iphonesimulator*]" = YES;
				"INFOPLIST_KEY_UIStatusBarStyle[sdk=iphoneos*]" = UIStatusBarStyleDefault;
				"INFOPLIST_KEY_UIStatusBarStyle[sdk=iphonesimulator*]" = UIStatusBarStyleDefault;
				INFOPLIST_KEY_UISupportedInterfaceOrientations = "UIInterfaceOrientationLandscapeLeft UIInterfaceOrientationLandscapeRight UIInterfaceOrientationPortrait";
				INFOPLIST_KEY_UISupportedInterfaceOrientations_iPad = "UIInterfaceOrientationLandscapeLeft UIInterfaceOrientationLandscapeRight UIInterfaceOrientationPortrait UIInterfaceOrientationPortraitUpsideDown";
				IPHONEOS_DEPLOYMENT_TARGET = 17.0;
				LD_RUNPATH_SEARCH_PATHS = "@executable_path/Frameworks";
				"LD_RUNPATH_SEARCH_PATHS[sdk=macosx*]" = "@executable_path/../Frameworks";
				MACOSX_DEPLOYMENT_TARGET = 14.0;
				MARKETING_VERSION = 1.4.0;
				PRODUCT_BUNDLE_IDENTIFIER = tim.HoldOn;
				PRODUCT_NAME = "$(TARGET_NAME)";
				SDKROOT = auto;
				SUPPORTED_PLATFORMS = "iphoneos iphonesimulator macosx";
				SWIFT_EMIT_LOC_STRINGS = YES;
				SWIFT_VERSION = 5.0;
				TARGETED_DEVICE_FAMILY = "1,2";
			};
			name = Release;
		};
/* End XCBuildConfiguration section */

/* Begin XCConfigurationList section */
		2218B4532B2EEE150043F726 /* Build configuration list for PBXProject "HoldOn" */ = {
			isa = XCConfigurationList;
			buildConfigurations = (
				2218B4652B2EEE160043F726 /* Debug */,
				2218B4662B2EEE160043F726 /* Release */,
			);
			defaultConfigurationIsVisible = 0;
			defaultConfigurationName = Release;
		};
		2218B4672B2EEE160043F726 /* Build configuration list for PBXNativeTarget "HoldOn" */ = {
			isa = XCConfigurationList;
			buildConfigurations = (
				2218B4682B2EEE160043F726 /* Debug */,
				2218B4692B2EEE160043F726 /* Release */,
			);
			defaultConfigurationIsVisible = 0;
			defaultConfigurationName = Release;
		};
/* End XCConfigurationList section */

/* Begin XCRemoteSwiftPackageReference section */
		2218B46A2B2EEFEC0043F726 /* XCRemoteSwiftPackageReference "Alamofire" */ = {
			isa = XCRemoteSwiftPackageReference;
			repositoryURL = "https://github.com/Alamofire/Alamofire.git";
			requirement = {
				kind = upToNextMajorVersion;
				minimumVersion = 5.8.1;
			};
		};
/* End XCRemoteSwiftPackageReference section */

/* Begin XCSwiftPackageProductDependency section */
		2218B46B2B2EEFEC0043F726 /* Alamofire */ = {
			isa = XCSwiftPackageProductDependency;
			package = 2218B46A2B2EEFEC0043F726 /* XCRemoteSwiftPackageReference "Alamofire" */;
			productName = Alamofire;
		};
/* End XCSwiftPackageProductDependency section */
	};
	rootObject = 2218B4502B2EEE150043F726 /* Project object */;
}
